
Microsoft Visual Studio Solution File, Format Version 12.00
# Visual Studio Version 17
VisualStudioVersion = 17.2.32630.192
MinimumVisualStudioVersion = 10.0.40219.1
Project("{9A19103F-16F7-4668-BE54-9A1E7A4F7556}") = "R5T.L0044", "R5T.L0044\R5T.L0044.csproj", "{B98C79FF-CA72-4BD0-8392-8C260F32ED25}"
EndProject
Project("{9A19103F-16F7-4668-BE54-9A1E7A4F7556}") = "R5T.L0044.T000", "R5T.L0044.T000\R5T.L0044.T000.csproj", "{591AB222-529B-45A3-AAA2-50E79D3EA4FF}"
EndProject
Project("{2150E333-8FDC-42A3-9474-1A3956D46DE8}") = "_Dependencies", "_Dependencies", "{47D2D5DC-7ACA-4241-86E5-C9F45C04EF6E}"
EndProject
Project("{9A19103F-16F7-4668-BE54-9A1E7A4F7556}") = "R5T.F0000", "..\..\R5T.F0000\source\R5T.F0000\R5T.F0000.csproj", "{403EC577-7246-4BD3-BC94-18E08EC7855C}"
EndProject
Project("{9A19103F-16F7-4668-BE54-9A1E7A4F7556}") = "R5T.F0002", "..\..\R5T.F0002\source\R5T.F0002\R5T.F0002.csproj", "{1ED89364-3251-4781-B883-B3733EFD1D4C}"
EndProject
Project("{9A19103F-16F7-4668-BE54-9A1E7A4F7556}") = "R5T.F0120", "..\..\R5T.F0120\source\R5T.F0120\R5T.F0120.csproj", "{1EE702B3-8BD2-438C-BEF4-78F89CE2358E}"
EndProject
Project("{9A19103F-16F7-4668-BE54-9A1E7A4F7556}") = "R5T.F0124", "..\..\R5T.F0124\source\R5T.F0124\R5T.F0124.csproj", "{BB721356-47B1-43BD-862E-3BCA7235FE4D}"
EndProject
Project("{9A19103F-16F7-4668-BE54-9A1E7A4F7556}") = "R5T.F0125", "..\..\R5T.F0125\source\R5T.F0125\R5T.F0125.csproj", "{ABFC6D4C-3B26-495C-A29B-3008ACE69FE6}"
EndProject
Project("{9A19103F-16F7-4668-BE54-9A1E7A4F7556}") = "R5T.L0030.T000", "..\..\R5T.L0030\source\R5T.L0030.T000\R5T.L0030.T000.csproj", "{4FFD1DE5-70C4-4CBE-8FEE-2D02C786722F}"
EndProject
Project("{9A19103F-16F7-4668-BE54-9A1E7A4F7556}") = "R5T.L0030", "..\..\R5T.L0030\source\R5T.L0030\R5T.L0030.csproj", "{0C238AF5-B46A-4EFB-BEF4-74401F6C2964}"
EndProject
Project("{9A19103F-16F7-4668-BE54-9A1E7A4F7556}") = "R5T.L0034", "..\..\R5T.L0034\source\R5T.L0034\R5T.L0034.csproj", "{01A6D6BE-4B04-4863-B726-A96B24714A41}"
EndProject
Project("{9A19103F-16F7-4668-BE54-9A1E7A4F7556}") = "R5T.L0035", "..\..\R5T.L0035\source\R5T.L0035\R5T.L0035.csproj", "{D559976B-4954-4F08-B51A-A26E2947D514}"
EndProject
Project("{9A19103F-16F7-4668-BE54-9A1E7A4F7556}") = "R5T.T0131", "..\..\R5T.T0131\source\R5T.T0131\R5T.T0131.csproj", "{AD555BA5-CCEF-4A88-AC01-85B8200897DE}"
EndProject
Project("{9A19103F-16F7-4668-BE54-9A1E7A4F7556}") = "R5T.T0132", "..\..\R5T.T0132\source\R5T.T0132\R5T.T0132.csproj", "{95491CCC-0078-48B7-9F3A-E16048CF525F}"
EndProject
Project("{9A19103F-16F7-4668-BE54-9A1E7A4F7556}") = "R5T.T0142", "..\..\R5T.T0142\source\R5T.T0142\R5T.T0142.csproj", "{5FD49070-55BB-4BCB-972D-BEF318365268}"
EndProject
Project("{9A19103F-16F7-4668-BE54-9A1E7A4F7556}") = "R5T.T0143", "..\..\R5T.T0143\source\R5T.T0143\R5T.T0143.csproj", "{1E7746F8-850C-4FA0-B2C9-09ED68BCC1ED}"
EndProject
Project("{9A19103F-16F7-4668-BE54-9A1E7A4F7556}") = "R5T.T0156", "..\..\R5T.T0156\source\R5T.T0156\R5T.T0156.csproj", "{35281B66-21B5-4E07-8B07-CF0FF82BCF21}"
EndProject
Project("{9A19103F-16F7-4668-BE54-9A1E7A4F7556}") = "R5T.T0174", "..\..\R5T.T0174\source\R5T.T0174\R5T.T0174.csproj", "{DCB343CC-DBD7-469C-86E2-825EAB767C12}"
EndProject
Project("{9A19103F-16F7-4668-BE54-9A1E7A4F7556}") = "R5T.T0176", "..\..\R5T.T0176\source\R5T.T0176\R5T.T0176.csproj", "{3DF721A7-6927-48BE-8FAB-39916CBC0EDB}"
EndProject
Project("{9A19103F-16F7-4668-BE54-9A1E7A4F7556}") = "R5T.T0177", "..\..\R5T.T0177\source\R5T.T0177\R5T.T0177.csproj", "{C1FEB273-ADA7-4CD2-84D0-7F3A19EC80BB}"
EndProject
Project("{9A19103F-16F7-4668-BE54-9A1E7A4F7556}") = "R5T.T0178", "..\..\R5T.T0178\source\R5T.T0178\R5T.T0178.csproj", "{A5005F05-84B2-4914-8ABD-6F362FD81430}"
EndProject
Project("{9A19103F-16F7-4668-BE54-9A1E7A4F7556}") = "R5T.T0179", "..\..\R5T.T0179\source\R5T.T0179\R5T.T0179.csproj", "{E7852800-5786-415C-9922-FEE5DD2FE444}"
EndProject
Project("{9A19103F-16F7-4668-BE54-9A1E7A4F7556}") = "R5T.T0180", "..\..\R5T.T0180\source\R5T.T0180\R5T.T0180.csproj", "{957CE6D3-E64D-4416-9238-72BB140D025B}"
EndProject
Project("{9A19103F-16F7-4668-BE54-9A1E7A4F7556}") = "R5T.T0181", "..\..\R5T.T0181\source\R5T.T0181\R5T.T0181.csproj", "{DC5F6742-40E1-4599-9DC9-26D90851117B}"
EndProject
Project("{9A19103F-16F7-4668-BE54-9A1E7A4F7556}") = "R5T.T0185", "..\..\R5T.T0185\source\R5T.T0185\R5T.T0185.csproj", "{6EBCC453-1CEA-425C-AA56-93F0F47C3B21}"
EndProject
Project("{9A19103F-16F7-4668-BE54-9A1E7A4F7556}") = "R5T.Y0000", "..\..\R5T.Y0000\source\R5T.Y0000\R5T.Y0000.csproj", "{E06BB8F1-3D94-43B4-A009-E28D08FDAE06}"
EndProject
Project("{9A19103F-16F7-4668-BE54-9A1E7A4F7556}") = "R5T.Z0000", "..\..\R5T.Z0000\source\R5T.Z0000\R5T.Z0000.csproj", "{D1ECC02A-BA82-481C-8D15-0F8ABA5C9466}"
EndProject
Project("{9A19103F-16F7-4668-BE54-9A1E7A4F7556}") = "R5T.L0044.S000", "R5T.L0044.S000\R5T.L0044.S000.csproj", "{4428B52A-D62C-45F4-8B1E-EBF576B34E9F}"
EndProject
Project("{9A19103F-16F7-4668-BE54-9A1E7A4F7556}") = "R5T.L0032.T000", "..\..\R5T.L0032\source\R5T.L0032.T000\R5T.L0032.T000.csproj", "{A56878F7-DCA0-422A-9199-1758E162B6A7}"
EndProject
Project("{9A19103F-16F7-4668-BE54-9A1E7A4F7556}") = "R5T.T0150", "..\..\R5T.T0150\source\R5T.T0150\R5T.T0150.csproj", "{2B4D26D6-5DFE-4F15-8FF0-742C820F7A9D}"
EndProject
Project("{9A19103F-16F7-4668-BE54-9A1E7A4F7556}") = "R5T.T0151", "..\..\R5T.T0151\source\R5T.T0151\R5T.T0151.csproj", "{33EB230A-B6F4-47CA-A810-175E56550ACF}"
EndProject
Project("{9A19103F-16F7-4668-BE54-9A1E7A4F7556}") = "R5T.T0161", "..\..\R5T.T0161\source\R5T.T0161\R5T.T0161.csproj", "{35A8651E-6C22-469E-A679-6EB51703C043}"
EndProject
Project("{9A19103F-16F7-4668-BE54-9A1E7A4F7556}") = "R5T.T0172", "..\..\R5T.T0172\source\R5T.T0172\R5T.T0172.csproj", "{9F89A647-D69A-4E13-866B-2C6860E3430F}"
EndProject
Project("{9A19103F-16F7-4668-BE54-9A1E7A4F7556}") = "R5T.T0184", "..\..\R5T.T0184\source\R5T.T0184\R5T.T0184.csproj", "{5D1962D7-C637-48A8-8024-B830F835D74C}"
EndProject
Project("{9A19103F-16F7-4668-BE54-9A1E7A4F7556}") = "R5T.T0186", "..\..\R5T.T0186\source\R5T.T0186\R5T.T0186.csproj", "{E0A2CD76-EF56-4C43-9EEE-2CD051DD1A5C}"
EndProject
Project("{9A19103F-16F7-4668-BE54-9A1E7A4F7556}") = "R5T.T0187", "..\..\R5T.T0187\source\R5T.T0187\R5T.T0187.csproj", "{12D82F33-CF70-421A-A7BC-952F04B2180B}"
EndProject
Project("{9A19103F-16F7-4668-BE54-9A1E7A4F7556}") = "R5T.T0196", "..\..\R5T.T0196\source\R5T.T0196\R5T.T0196.csproj", "{A4784B99-0DE4-46A3-92DD-2958A590F651}"
EndProject
Project("{9A19103F-16F7-4668-BE54-9A1E7A4F7556}") = "R5T.T0197", "..\..\R5T.T0197\source\R5T.T0197\R5T.T0197.csproj", "{A553366E-91A6-46C2-BFF3-91737E1CA106}"
EndProject
Project("{9A19103F-16F7-4668-BE54-9A1E7A4F7556}") = "R5T.T0198", "..\..\R5T.T0198\source\R5T.T0198\R5T.T0198.csproj", "{B54504AC-B063-437B-9D39-89B556B1673C}"
EndProject
Project("{9A19103F-16F7-4668-BE54-9A1E7A4F7556}") = "R5T.Z0046", "..\..\R5T.Z0046\source\R5T.Z0046\R5T.Z0046.csproj", "{D72A3BC9-813E-412C-8624-F3AACC6C213C}"
EndProject
Project("{9A19103F-16F7-4668-BE54-9A1E7A4F7556}") = "R5T.L0044.O001", "R5T.L0044.O001\R5T.L0044.O001.csproj", "{D4F6FE91-2412-4443-9E8B-66159EE4F9DA}"
EndProject
Project("{9A19103F-16F7-4668-BE54-9A1E7A4F7556}") = "R5T.L0044.X000", "R5T.L0044.X000\R5T.L0044.X000.csproj", "{DB8128F8-53D7-4C18-AC6A-19555D64DD5A}"
EndProject
Project("{9A19103F-16F7-4668-BE54-9A1E7A4F7556}") = "R5T.L0043.F000", "..\..\R5T.L0043\source\R5T.L0043.F000\R5T.L0043.F000.csproj", "{366737AD-9B25-42A6-ACB4-E16924A9C9A3}"
EndProject
Project("{9A19103F-16F7-4668-BE54-9A1E7A4F7556}") = "R5T.L0043.O001", "..\..\R5T.L0043\source\R5T.L0043.O001\R5T.L0043.O001.csproj", "{E137A1D7-5B4A-4CA6-A49B-977EBD524C19}"
EndProject
Project("{9A19103F-16F7-4668-BE54-9A1E7A4F7556}") = "R5T.L0043.T000", "..\..\R5T.L0043\source\R5T.L0043.T000\R5T.L0043.T000.csproj", "{507B5A6D-AE63-4FF4-B15A-505FBC62CCF6}"
EndProject
Project("{9A19103F-16F7-4668-BE54-9A1E7A4F7556}") = "R5T.L0043.Z000", "..\..\R5T.L0043\source\R5T.L0043.Z000\R5T.L0043.Z000.csproj", "{1399B165-2D14-4680-8022-5D8D5C4B552B}"
EndProject
Project("{9A19103F-16F7-4668-BE54-9A1E7A4F7556}") = "R5T.L0043.Z002", "..\..\R5T.L0043\source\R5T.L0043.Z002\R5T.L0043.Z002.csproj", "{B5824714-BD7A-4744-B458-D0578020F3F3}"
EndProject
Project("{9A19103F-16F7-4668-BE54-9A1E7A4F7556}") = "R5T.Z0047", "..\..\R5T.Z0047\source\R5T.Z0047\R5T.Z0047.csproj", "{7C91A0ED-0EF3-4E73-A4A8-51B8D226EC73}"
EndProject
Project("{9A19103F-16F7-4668-BE54-9A1E7A4F7556}") = "R5T.L0043.O002", "..\..\R5T.L0043\source\R5T.L0043.O002\R5T.L0043.O002.csproj", "{B934BA87-DE0E-4EFA-8678-D240C99E6A8F}"
EndProject
Project("{9A19103F-16F7-4668-BE54-9A1E7A4F7556}") = "R5T.L0044.S000.Library", "R5T.L0044.S000.Library\R5T.L0044.S000.Library.csproj", "{908185B6-C5A6-4F70-923B-814D9BE89B36}"
EndProject
Project("{9A19103F-16F7-4668-BE54-9A1E7A4F7556}") = "R5T.L0044.Z001", "R5T.L0044.Z001\R5T.L0044.Z001.csproj", "{BC760DBF-507D-4C83-A46D-6314B0F40380}"
EndProject
Project("{9A19103F-16F7-4668-BE54-9A1E7A4F7556}") = "R5T.T0203", "..\..\R5T.T0203\source\R5T.T0203\R5T.T0203.csproj", "{CF16E3BC-BD0A-42BD-8599-765DE2B439E7}"
EndProject
Global
	GlobalSection(NestedProjects) = preSolution
		{403EC577-7246-4BD3-BC94-18E08EC7855C} = {47D2D5DC-7ACA-4241-86E5-C9F45C04EF6E}
		{1ED89364-3251-4781-B883-B3733EFD1D4C} = {47D2D5DC-7ACA-4241-86E5-C9F45C04EF6E}
		{1EE702B3-8BD2-438C-BEF4-78F89CE2358E} = {47D2D5DC-7ACA-4241-86E5-C9F45C04EF6E}
		{BB721356-47B1-43BD-862E-3BCA7235FE4D} = {47D2D5DC-7ACA-4241-86E5-C9F45C04EF6E}
		{ABFC6D4C-3B26-495C-A29B-3008ACE69FE6} = {47D2D5DC-7ACA-4241-86E5-C9F45C04EF6E}
		{4FFD1DE5-70C4-4CBE-8FEE-2D02C786722F} = {47D2D5DC-7ACA-4241-86E5-C9F45C04EF6E}
		{0C238AF5-B46A-4EFB-BEF4-74401F6C2964} = {47D2D5DC-7ACA-4241-86E5-C9F45C04EF6E}
		{01A6D6BE-4B04-4863-B726-A96B24714A41} = {47D2D5DC-7ACA-4241-86E5-C9F45C04EF6E}
		{D559976B-4954-4F08-B51A-A26E2947D514} = {47D2D5DC-7ACA-4241-86E5-C9F45C04EF6E}
		{AD555BA5-CCEF-4A88-AC01-85B8200897DE} = {47D2D5DC-7ACA-4241-86E5-C9F45C04EF6E}
		{95491CCC-0078-48B7-9F3A-E16048CF525F} = {47D2D5DC-7ACA-4241-86E5-C9F45C04EF6E}
		{5FD49070-55BB-4BCB-972D-BEF318365268} = {47D2D5DC-7ACA-4241-86E5-C9F45C04EF6E}
		{1E7746F8-850C-4FA0-B2C9-09ED68BCC1ED} = {47D2D5DC-7ACA-4241-86E5-C9F45C04EF6E}
		{35281B66-21B5-4E07-8B07-CF0FF82BCF21} = {47D2D5DC-7ACA-4241-86E5-C9F45C04EF6E}
		{DCB343CC-DBD7-469C-86E2-825EAB767C12} = {47D2D5DC-7ACA-4241-86E5-C9F45C04EF6E}
		{3DF721A7-6927-48BE-8FAB-39916CBC0EDB} = {47D2D5DC-7ACA-4241-86E5-C9F45C04EF6E}
		{C1FEB273-ADA7-4CD2-84D0-7F3A19EC80BB} = {47D2D5DC-7ACA-4241-86E5-C9F45C04EF6E}
		{A5005F05-84B2-4914-8ABD-6F362FD81430} = {47D2D5DC-7ACA-4241-86E5-C9F45C04EF6E}
		{E7852800-5786-415C-9922-FEE5DD2FE444} = {47D2D5DC-7ACA-4241-86E5-C9F45C04EF6E}
		{957CE6D3-E64D-4416-9238-72BB140D025B} = {47D2D5DC-7ACA-4241-86E5-C9F45C04EF6E}
		{DC5F6742-40E1-4599-9DC9-26D90851117B} = {47D2D5DC-7ACA-4241-86E5-C9F45C04EF6E}
		{6EBCC453-1CEA-425C-AA56-93F0F47C3B21} = {47D2D5DC-7ACA-4241-86E5-C9F45C04EF6E}
		{E06BB8F1-3D94-43B4-A009-E28D08FDAE06} = {47D2D5DC-7ACA-4241-86E5-C9F45C04EF6E}
		{D1ECC02A-BA82-481C-8D15-0F8ABA5C9466} = {47D2D5DC-7ACA-4241-86E5-C9F45C04EF6E}
		{A56878F7-DCA0-422A-9199-1758E162B6A7} = {47D2D5DC-7ACA-4241-86E5-C9F45C04EF6E}
		{2B4D26D6-5DFE-4F15-8FF0-742C820F7A9D} = {47D2D5DC-7ACA-4241-86E5-C9F45C04EF6E}
		{33EB230A-B6F4-47CA-A810-175E56550ACF} = {47D2D5DC-7ACA-4241-86E5-C9F45C04EF6E}
		{35A8651E-6C22-469E-A679-6EB51703C043} = {47D2D5DC-7ACA-4241-86E5-C9F45C04EF6E}
		{9F89A647-D69A-4E13-866B-2C6860E3430F} = {47D2D5DC-7ACA-4241-86E5-C9F45C04EF6E}
		{5D1962D7-C637-48A8-8024-B830F835D74C} = {47D2D5DC-7ACA-4241-86E5-C9F45C04EF6E}
		{E0A2CD76-EF56-4C43-9EEE-2CD051DD1A5C} = {47D2D5DC-7ACA-4241-86E5-C9F45C04EF6E}
		{12D82F33-CF70-421A-A7BC-952F04B2180B} = {47D2D5DC-7ACA-4241-86E5-C9F45C04EF6E}
		{A4784B99-0DE4-46A3-92DD-2958A590F651} = {47D2D5DC-7ACA-4241-86E5-C9F45C04EF6E}
		{A553366E-91A6-46C2-BFF3-91737E1CA106} = {47D2D5DC-7ACA-4241-86E5-C9F45C04EF6E}
		{B54504AC-B063-437B-9D39-89B556B1673C} = {47D2D5DC-7ACA-4241-86E5-C9F45C04EF6E}
		{D72A3BC9-813E-412C-8624-F3AACC6C213C} = {47D2D5DC-7ACA-4241-86E5-C9F45C04EF6E}
		{366737AD-9B25-42A6-ACB4-E16924A9C9A3} = {47D2D5DC-7ACA-4241-86E5-C9F45C04EF6E}
		{E137A1D7-5B4A-4CA6-A49B-977EBD524C19} = {47D2D5DC-7ACA-4241-86E5-C9F45C04EF6E}
		{507B5A6D-AE63-4FF4-B15A-505FBC62CCF6} = {47D2D5DC-7ACA-4241-86E5-C9F45C04EF6E}
		{1399B165-2D14-4680-8022-5D8D5C4B552B} = {47D2D5DC-7ACA-4241-86E5-C9F45C04EF6E}
		{B5824714-BD7A-4744-B458-D0578020F3F3} = {47D2D5DC-7ACA-4241-86E5-C9F45C04EF6E}
		{7C91A0ED-0EF3-4E73-A4A8-51B8D226EC73} = {47D2D5DC-7ACA-4241-86E5-C9F45C04EF6E}
		{B934BA87-DE0E-4EFA-8678-D240C99E6A8F} = {47D2D5DC-7ACA-4241-86E5-C9F45C04EF6E}
		{CF16E3BC-BD0A-42BD-8599-765DE2B439E7} = {47D2D5DC-7ACA-4241-86E5-C9F45C04EF6E}
	EndGlobalSection
	GlobalSection(SolutionConfigurationPlatforms) = preSolution
		Debug|Any CPU = Debug|Any CPU
		Release|Any CPU = Release|Any CPU
	EndGlobalSection
	GlobalSection(ProjectConfigurationPlatforms) = postSolution
		{B98C79FF-CA72-4BD0-8392-8C260F32ED25}.Debug|Any CPU.ActiveCfg = Debug|Any CPU
		{B98C79FF-CA72-4BD0-8392-8C260F32ED25}.Debug|Any CPU.Build.0 = Debug|Any CPU
		{B98C79FF-CA72-4BD0-8392-8C260F32ED25}.Release|Any CPU.ActiveCfg = Release|Any CPU
		{B98C79FF-CA72-4BD0-8392-8C260F32ED25}.Release|Any CPU.Build.0 = Release|Any CPU
		{591AB222-529B-45A3-AAA2-50E79D3EA4FF}.Debug|Any CPU.ActiveCfg = Debug|Any CPU
		{591AB222-529B-45A3-AAA2-50E79D3EA4FF}.Debug|Any CPU.Build.0 = Debug|Any CPU
		{591AB222-529B-45A3-AAA2-50E79D3EA4FF}.Release|Any CPU.ActiveCfg = Release|Any CPU
		{591AB222-529B-45A3-AAA2-50E79D3EA4FF}.Release|Any CPU.Build.0 = Release|Any CPU
		{403EC577-7246-4BD3-BC94-18E08EC7855C}.Debug|Any CPU.ActiveCfg = Debug|Any CPU
		{403EC577-7246-4BD3-BC94-18E08EC7855C}.Debug|Any CPU.Build.0 = Debug|Any CPU
		{403EC577-7246-4BD3-BC94-18E08EC7855C}.Release|Any CPU.ActiveCfg = Release|Any CPU
		{403EC577-7246-4BD3-BC94-18E08EC7855C}.Release|Any CPU.Build.0 = Release|Any CPU
		{1ED89364-3251-4781-B883-B3733EFD1D4C}.Debug|Any CPU.ActiveCfg = Debug|Any CPU
		{1ED89364-3251-4781-B883-B3733EFD1D4C}.Debug|Any CPU.Build.0 = Debug|Any CPU
		{1ED89364-3251-4781-B883-B3733EFD1D4C}.Release|Any CPU.ActiveCfg = Release|Any CPU
		{1ED89364-3251-4781-B883-B3733EFD1D4C}.Release|Any CPU.Build.0 = Release|Any CPU
		{1EE702B3-8BD2-438C-BEF4-78F89CE2358E}.Debug|Any CPU.ActiveCfg = Debug|Any CPU
		{1EE702B3-8BD2-438C-BEF4-78F89CE2358E}.Debug|Any CPU.Build.0 = Debug|Any CPU
		{1EE702B3-8BD2-438C-BEF4-78F89CE2358E}.Release|Any CPU.ActiveCfg = Release|Any CPU
		{1EE702B3-8BD2-438C-BEF4-78F89CE2358E}.Release|Any CPU.Build.0 = Release|Any CPU
		{BB721356-47B1-43BD-862E-3BCA7235FE4D}.Debug|Any CPU.ActiveCfg = Debug|Any CPU
		{BB721356-47B1-43BD-862E-3BCA7235FE4D}.Debug|Any CPU.Build.0 = Debug|Any CPU
		{BB721356-47B1-43BD-862E-3BCA7235FE4D}.Release|Any CPU.ActiveCfg = Release|Any CPU
		{BB721356-47B1-43BD-862E-3BCA7235FE4D}.Release|Any CPU.Build.0 = Release|Any CPU
		{ABFC6D4C-3B26-495C-A29B-3008ACE69FE6}.Debug|Any CPU.ActiveCfg = Debug|Any CPU
		{ABFC6D4C-3B26-495C-A29B-3008ACE69FE6}.Debug|Any CPU.Build.0 = Debug|Any CPU
		{ABFC6D4C-3B26-495C-A29B-3008ACE69FE6}.Release|Any CPU.ActiveCfg = Release|Any CPU
		{ABFC6D4C-3B26-495C-A29B-3008ACE69FE6}.Release|Any CPU.Build.0 = Release|Any CPU
		{4FFD1DE5-70C4-4CBE-8FEE-2D02C786722F}.Debug|Any CPU.ActiveCfg = Debug|Any CPU
		{4FFD1DE5-70C4-4CBE-8FEE-2D02C786722F}.Debug|Any CPU.Build.0 = Debug|Any CPU
		{4FFD1DE5-70C4-4CBE-8FEE-2D02C786722F}.Release|Any CPU.ActiveCfg = Release|Any CPU
		{4FFD1DE5-70C4-4CBE-8FEE-2D02C786722F}.Release|Any CPU.Build.0 = Release|Any CPU
		{0C238AF5-B46A-4EFB-BEF4-74401F6C2964}.Debug|Any CPU.ActiveCfg = Debug|Any CPU
		{0C238AF5-B46A-4EFB-BEF4-74401F6C2964}.Debug|Any CPU.Build.0 = Debug|Any CPU
		{0C238AF5-B46A-4EFB-BEF4-74401F6C2964}.Release|Any CPU.ActiveCfg = Release|Any CPU
		{0C238AF5-B46A-4EFB-BEF4-74401F6C2964}.Release|Any CPU.Build.0 = Release|Any CPU
		{01A6D6BE-4B04-4863-B726-A96B24714A41}.Debug|Any CPU.ActiveCfg = Debug|Any CPU
		{01A6D6BE-4B04-4863-B726-A96B24714A41}.Debug|Any CPU.Build.0 = Debug|Any CPU
		{01A6D6BE-4B04-4863-B726-A96B24714A41}.Release|Any CPU.ActiveCfg = Release|Any CPU
		{01A6D6BE-4B04-4863-B726-A96B24714A41}.Release|Any CPU.Build.0 = Release|Any CPU
		{D559976B-4954-4F08-B51A-A26E2947D514}.Debug|Any CPU.ActiveCfg = Debug|Any CPU
		{D559976B-4954-4F08-B51A-A26E2947D514}.Debug|Any CPU.Build.0 = Debug|Any CPU
		{D559976B-4954-4F08-B51A-A26E2947D514}.Release|Any CPU.ActiveCfg = Release|Any CPU
		{D559976B-4954-4F08-B51A-A26E2947D514}.Release|Any CPU.Build.0 = Release|Any CPU
		{AD555BA5-CCEF-4A88-AC01-85B8200897DE}.Debug|Any CPU.ActiveCfg = Debug|Any CPU
		{AD555BA5-CCEF-4A88-AC01-85B8200897DE}.Debug|Any CPU.Build.0 = Debug|Any CPU
		{AD555BA5-CCEF-4A88-AC01-85B8200897DE}.Release|Any CPU.ActiveCfg = Release|Any CPU
		{AD555BA5-CCEF-4A88-AC01-85B8200897DE}.Release|Any CPU.Build.0 = Release|Any CPU
		{95491CCC-0078-48B7-9F3A-E16048CF525F}.Debug|Any CPU.ActiveCfg = Debug|Any CPU
		{95491CCC-0078-48B7-9F3A-E16048CF525F}.Debug|Any CPU.Build.0 = Debug|Any CPU
		{95491CCC-0078-48B7-9F3A-E16048CF525F}.Release|Any CPU.ActiveCfg = Release|Any CPU
		{95491CCC-0078-48B7-9F3A-E16048CF525F}.Release|Any CPU.Build.0 = Release|Any CPU
		{5FD49070-55BB-4BCB-972D-BEF318365268}.Debug|Any CPU.ActiveCfg = Debug|Any CPU
		{5FD49070-55BB-4BCB-972D-BEF318365268}.Debug|Any CPU.Build.0 = Debug|Any CPU
		{5FD49070-55BB-4BCB-972D-BEF318365268}.Release|Any CPU.ActiveCfg = Release|Any CPU
		{5FD49070-55BB-4BCB-972D-BEF318365268}.Release|Any CPU.Build.0 = Release|Any CPU
		{1E7746F8-850C-4FA0-B2C9-09ED68BCC1ED}.Debug|Any CPU.ActiveCfg = Debug|Any CPU
		{1E7746F8-850C-4FA0-B2C9-09ED68BCC1ED}.Debug|Any CPU.Build.0 = Debug|Any CPU
		{1E7746F8-850C-4FA0-B2C9-09ED68BCC1ED}.Release|Any CPU.ActiveCfg = Release|Any CPU
		{1E7746F8-850C-4FA0-B2C9-09ED68BCC1ED}.Release|Any CPU.Build.0 = Release|Any CPU
		{35281B66-21B5-4E07-8B07-CF0FF82BCF21}.Debug|Any CPU.ActiveCfg = Debug|Any CPU
		{35281B66-21B5-4E07-8B07-CF0FF82BCF21}.Debug|Any CPU.Build.0 = Debug|Any CPU
		{35281B66-21B5-4E07-8B07-CF0FF82BCF21}.Release|Any CPU.ActiveCfg = Release|Any CPU
		{35281B66-21B5-4E07-8B07-CF0FF82BCF21}.Release|Any CPU.Build.0 = Release|Any CPU
		{DCB343CC-DBD7-469C-86E2-825EAB767C12}.Debug|Any CPU.ActiveCfg = Debug|Any CPU
		{DCB343CC-DBD7-469C-86E2-825EAB767C12}.Debug|Any CPU.Build.0 = Debug|Any CPU
		{DCB343CC-DBD7-469C-86E2-825EAB767C12}.Release|Any CPU.ActiveCfg = Release|Any CPU
		{DCB343CC-DBD7-469C-86E2-825EAB767C12}.Release|Any CPU.Build.0 = Release|Any CPU
		{3DF721A7-6927-48BE-8FAB-39916CBC0EDB}.Debug|Any CPU.ActiveCfg = Debug|Any CPU
		{3DF721A7-6927-48BE-8FAB-39916CBC0EDB}.Debug|Any CPU.Build.0 = Debug|Any CPU
		{3DF721A7-6927-48BE-8FAB-39916CBC0EDB}.Release|Any CPU.ActiveCfg = Release|Any CPU
		{3DF721A7-6927-48BE-8FAB-39916CBC0EDB}.Release|Any CPU.Build.0 = Release|Any CPU
		{C1FEB273-ADA7-4CD2-84D0-7F3A19EC80BB}.Debug|Any CPU.ActiveCfg = Debug|Any CPU
		{C1FEB273-ADA7-4CD2-84D0-7F3A19EC80BB}.Debug|Any CPU.Build.0 = Debug|Any CPU
		{C1FEB273-ADA7-4CD2-84D0-7F3A19EC80BB}.Release|Any CPU.ActiveCfg = Release|Any CPU
		{C1FEB273-ADA7-4CD2-84D0-7F3A19EC80BB}.Release|Any CPU.Build.0 = Release|Any CPU
		{A5005F05-84B2-4914-8ABD-6F362FD81430}.Debug|Any CPU.ActiveCfg = Debug|Any CPU
		{A5005F05-84B2-4914-8ABD-6F362FD81430}.Debug|Any CPU.Build.0 = Debug|Any CPU
		{A5005F05-84B2-4914-8ABD-6F362FD81430}.Release|Any CPU.ActiveCfg = Release|Any CPU
		{A5005F05-84B2-4914-8ABD-6F362FD81430}.Release|Any CPU.Build.0 = Release|Any CPU
		{E7852800-5786-415C-9922-FEE5DD2FE444}.Debug|Any CPU.ActiveCfg = Debug|Any CPU
		{E7852800-5786-415C-9922-FEE5DD2FE444}.Debug|Any CPU.Build.0 = Debug|Any CPU
		{E7852800-5786-415C-9922-FEE5DD2FE444}.Release|Any CPU.ActiveCfg = Release|Any CPU
		{E7852800-5786-415C-9922-FEE5DD2FE444}.Release|Any CPU.Build.0 = Release|Any CPU
		{957CE6D3-E64D-4416-9238-72BB140D025B}.Debug|Any CPU.ActiveCfg = Debug|Any CPU
		{957CE6D3-E64D-4416-9238-72BB140D025B}.Debug|Any CPU.Build.0 = Debug|Any CPU
		{957CE6D3-E64D-4416-9238-72BB140D025B}.Release|Any CPU.ActiveCfg = Release|Any CPU
		{957CE6D3-E64D-4416-9238-72BB140D025B}.Release|Any CPU.Build.0 = Release|Any CPU
		{DC5F6742-40E1-4599-9DC9-26D90851117B}.Debug|Any CPU.ActiveCfg = Debug|Any CPU
		{DC5F6742-40E1-4599-9DC9-26D90851117B}.Debug|Any CPU.Build.0 = Debug|Any CPU
		{DC5F6742-40E1-4599-9DC9-26D90851117B}.Release|Any CPU.ActiveCfg = Release|Any CPU
		{DC5F6742-40E1-4599-9DC9-26D90851117B}.Release|Any CPU.Build.0 = Release|Any CPU
		{6EBCC453-1CEA-425C-AA56-93F0F47C3B21}.Debug|Any CPU.ActiveCfg = Debug|Any CPU
		{6EBCC453-1CEA-425C-AA56-93F0F47C3B21}.Debug|Any CPU.Build.0 = Debug|Any CPU
		{6EBCC453-1CEA-425C-AA56-93F0F47C3B21}.Release|Any CPU.ActiveCfg = Release|Any CPU
		{6EBCC453-1CEA-425C-AA56-93F0F47C3B21}.Release|Any CPU.Build.0 = Release|Any CPU
		{E06BB8F1-3D94-43B4-A009-E28D08FDAE06}.Debug|Any CPU.ActiveCfg = Debug|Any CPU
		{E06BB8F1-3D94-43B4-A009-E28D08FDAE06}.Debug|Any CPU.Build.0 = Debug|Any CPU
		{E06BB8F1-3D94-43B4-A009-E28D08FDAE06}.Release|Any CPU.ActiveCfg = Release|Any CPU
		{E06BB8F1-3D94-43B4-A009-E28D08FDAE06}.Release|Any CPU.Build.0 = Release|Any CPU
		{D1ECC02A-BA82-481C-8D15-0F8ABA5C9466}.Debug|Any CPU.ActiveCfg = Debug|Any CPU
		{D1ECC02A-BA82-481C-8D15-0F8ABA5C9466}.Debug|Any CPU.Build.0 = Debug|Any CPU
		{D1ECC02A-BA82-481C-8D15-0F8ABA5C9466}.Release|Any CPU.ActiveCfg = Release|Any CPU
		{D1ECC02A-BA82-481C-8D15-0F8ABA5C9466}.Release|Any CPU.Build.0 = Release|Any CPU
		{4428B52A-D62C-45F4-8B1E-EBF576B34E9F}.Debug|Any CPU.ActiveCfg = Debug|Any CPU
		{4428B52A-D62C-45F4-8B1E-EBF576B34E9F}.Debug|Any CPU.Build.0 = Debug|Any CPU
		{4428B52A-D62C-45F4-8B1E-EBF576B34E9F}.Release|Any CPU.ActiveCfg = Release|Any CPU
		{4428B52A-D62C-45F4-8B1E-EBF576B34E9F}.Release|Any CPU.Build.0 = Release|Any CPU
		{A56878F7-DCA0-422A-9199-1758E162B6A7}.Debug|Any CPU.ActiveCfg = Debug|Any CPU
		{A56878F7-DCA0-422A-9199-1758E162B6A7}.Debug|Any CPU.Build.0 = Debug|Any CPU
		{A56878F7-DCA0-422A-9199-1758E162B6A7}.Release|Any CPU.ActiveCfg = Release|Any CPU
		{A56878F7-DCA0-422A-9199-1758E162B6A7}.Release|Any CPU.Build.0 = Release|Any CPU
		{2B4D26D6-5DFE-4F15-8FF0-742C820F7A9D}.Debug|Any CPU.ActiveCfg = Debug|Any CPU
		{2B4D26D6-5DFE-4F15-8FF0-742C820F7A9D}.Debug|Any CPU.Build.0 = Debug|Any CPU
		{2B4D26D6-5DFE-4F15-8FF0-742C820F7A9D}.Release|Any CPU.ActiveCfg = Release|Any CPU
		{2B4D26D6-5DFE-4F15-8FF0-742C820F7A9D}.Release|Any CPU.Build.0 = Release|Any CPU
		{33EB230A-B6F4-47CA-A810-175E56550ACF}.Debug|Any CPU.ActiveCfg = Debug|Any CPU
		{33EB230A-B6F4-47CA-A810-175E56550ACF}.Debug|Any CPU.Build.0 = Debug|Any CPU
		{33EB230A-B6F4-47CA-A810-175E56550ACF}.Release|Any CPU.ActiveCfg = Release|Any CPU
		{33EB230A-B6F4-47CA-A810-175E56550ACF}.Release|Any CPU.Build.0 = Release|Any CPU
		{35A8651E-6C22-469E-A679-6EB51703C043}.Debug|Any CPU.ActiveCfg = Debug|Any CPU
		{35A8651E-6C22-469E-A679-6EB51703C043}.Debug|Any CPU.Build.0 = Debug|Any CPU
		{35A8651E-6C22-469E-A679-6EB51703C043}.Release|Any CPU.ActiveCfg = Release|Any CPU
		{35A8651E-6C22-469E-A679-6EB51703C043}.Release|Any CPU.Build.0 = Release|Any CPU
		{9F89A647-D69A-4E13-866B-2C6860E3430F}.Debug|Any CPU.ActiveCfg = Debug|Any CPU
		{9F89A647-D69A-4E13-866B-2C6860E3430F}.Debug|Any CPU.Build.0 = Debug|Any CPU
		{9F89A647-D69A-4E13-866B-2C6860E3430F}.Release|Any CPU.ActiveCfg = Release|Any CPU
		{9F89A647-D69A-4E13-866B-2C6860E3430F}.Release|Any CPU.Build.0 = Release|Any CPU
		{5D1962D7-C637-48A8-8024-B830F835D74C}.Debug|Any CPU.ActiveCfg = Debug|Any CPU
		{5D1962D7-C637-48A8-8024-B830F835D74C}.Debug|Any CPU.Build.0 = Debug|Any CPU
		{5D1962D7-C637-48A8-8024-B830F835D74C}.Release|Any CPU.ActiveCfg = Release|Any CPU
		{5D1962D7-C637-48A8-8024-B830F835D74C}.Release|Any CPU.Build.0 = Release|Any CPU
		{E0A2CD76-EF56-4C43-9EEE-2CD051DD1A5C}.Debug|Any CPU.ActiveCfg = Debug|Any CPU
		{E0A2CD76-EF56-4C43-9EEE-2CD051DD1A5C}.Debug|Any CPU.Build.0 = Debug|Any CPU
		{E0A2CD76-EF56-4C43-9EEE-2CD051DD1A5C}.Release|Any CPU.ActiveCfg = Release|Any CPU
		{E0A2CD76-EF56-4C43-9EEE-2CD051DD1A5C}.Release|Any CPU.Build.0 = Release|Any CPU
		{12D82F33-CF70-421A-A7BC-952F04B2180B}.Debug|Any CPU.ActiveCfg = Debug|Any CPU
		{12D82F33-CF70-421A-A7BC-952F04B2180B}.Debug|Any CPU.Build.0 = Debug|Any CPU
		{12D82F33-CF70-421A-A7BC-952F04B2180B}.Release|Any CPU.ActiveCfg = Release|Any CPU
		{12D82F33-CF70-421A-A7BC-952F04B2180B}.Release|Any CPU.Build.0 = Release|Any CPU
		{A4784B99-0DE4-46A3-92DD-2958A590F651}.Debug|Any CPU.ActiveCfg = Debug|Any CPU
		{A4784B99-0DE4-46A3-92DD-2958A590F651}.Debug|Any CPU.Build.0 = Debug|Any CPU
		{A4784B99-0DE4-46A3-92DD-2958A590F651}.Release|Any CPU.ActiveCfg = Release|Any CPU
		{A4784B99-0DE4-46A3-92DD-2958A590F651}.Release|Any CPU.Build.0 = Release|Any CPU
		{A553366E-91A6-46C2-BFF3-91737E1CA106}.Debug|Any CPU.ActiveCfg = Debug|Any CPU
		{A553366E-91A6-46C2-BFF3-91737E1CA106}.Debug|Any CPU.Build.0 = Debug|Any CPU
		{A553366E-91A6-46C2-BFF3-91737E1CA106}.Release|Any CPU.ActiveCfg = Release|Any CPU
		{A553366E-91A6-46C2-BFF3-91737E1CA106}.Release|Any CPU.Build.0 = Release|Any CPU
		{B54504AC-B063-437B-9D39-89B556B1673C}.Debug|Any CPU.ActiveCfg = Debug|Any CPU
		{B54504AC-B063-437B-9D39-89B556B1673C}.Debug|Any CPU.Build.0 = Debug|Any CPU
		{B54504AC-B063-437B-9D39-89B556B1673C}.Release|Any CPU.ActiveCfg = Release|Any CPU
		{B54504AC-B063-437B-9D39-89B556B1673C}.Release|Any CPU.Build.0 = Release|Any CPU
		{D72A3BC9-813E-412C-8624-F3AACC6C213C}.Debug|Any CPU.ActiveCfg = Debug|Any CPU
		{D72A3BC9-813E-412C-8624-F3AACC6C213C}.Debug|Any CPU.Build.0 = Debug|Any CPU
		{D72A3BC9-813E-412C-8624-F3AACC6C213C}.Release|Any CPU.ActiveCfg = Release|Any CPU
		{D72A3BC9-813E-412C-8624-F3AACC6C213C}.Release|Any CPU.Build.0 = Release|Any CPU
		{D4F6FE91-2412-4443-9E8B-66159EE4F9DA}.Debug|Any CPU.ActiveCfg = Debug|Any CPU
		{D4F6FE91-2412-4443-9E8B-66159EE4F9DA}.Debug|Any CPU.Build.0 = Debug|Any CPU
		{D4F6FE91-2412-4443-9E8B-66159EE4F9DA}.Release|Any CPU.ActiveCfg = Release|Any CPU
		{D4F6FE91-2412-4443-9E8B-66159EE4F9DA}.Release|Any CPU.Build.0 = Release|Any CPU
		{DB8128F8-53D7-4C18-AC6A-19555D64DD5A}.Debug|Any CPU.ActiveCfg = Debug|Any CPU
		{DB8128F8-53D7-4C18-AC6A-19555D64DD5A}.Debug|Any CPU.Build.0 = Debug|Any CPU
		{DB8128F8-53D7-4C18-AC6A-19555D64DD5A}.Release|Any CPU.ActiveCfg = Release|Any CPU
		{DB8128F8-53D7-4C18-AC6A-19555D64DD5A}.Release|Any CPU.Build.0 = Release|Any CPU
		{366737AD-9B25-42A6-ACB4-E16924A9C9A3}.Debug|Any CPU.ActiveCfg = Debug|Any CPU
		{366737AD-9B25-42A6-ACB4-E16924A9C9A3}.Debug|Any CPU.Build.0 = Debug|Any CPU
		{366737AD-9B25-42A6-ACB4-E16924A9C9A3}.Release|Any CPU.ActiveCfg = Release|Any CPU
		{366737AD-9B25-42A6-ACB4-E16924A9C9A3}.Release|Any CPU.Build.0 = Release|Any CPU
		{E137A1D7-5B4A-4CA6-A49B-977EBD524C19}.Debug|Any CPU.ActiveCfg = Debug|Any CPU
		{E137A1D7-5B4A-4CA6-A49B-977EBD524C19}.Debug|Any CPU.Build.0 = Debug|Any CPU
		{E137A1D7-5B4A-4CA6-A49B-977EBD524C19}.Release|Any CPU.ActiveCfg = Release|Any CPU
		{E137A1D7-5B4A-4CA6-A49B-977EBD524C19}.Release|Any CPU.Build.0 = Release|Any CPU
		{507B5A6D-AE63-4FF4-B15A-505FBC62CCF6}.Debug|Any CPU.ActiveCfg = Debug|Any CPU
		{507B5A6D-AE63-4FF4-B15A-505FBC62CCF6}.Debug|Any CPU.Build.0 = Debug|Any CPU
		{507B5A6D-AE63-4FF4-B15A-505FBC62CCF6}.Release|Any CPU.ActiveCfg = Release|Any CPU
		{507B5A6D-AE63-4FF4-B15A-505FBC62CCF6}.Release|Any CPU.Build.0 = Release|Any CPU
		{1399B165-2D14-4680-8022-5D8D5C4B552B}.Debug|Any CPU.ActiveCfg = Debug|Any CPU
		{1399B165-2D14-4680-8022-5D8D5C4B552B}.Debug|Any CPU.Build.0 = Debug|Any CPU
		{1399B165-2D14-4680-8022-5D8D5C4B552B}.Release|Any CPU.ActiveCfg = Release|Any CPU
		{1399B165-2D14-4680-8022-5D8D5C4B552B}.Release|Any CPU.Build.0 = Release|Any CPU
		{B5824714-BD7A-4744-B458-D0578020F3F3}.Debug|Any CPU.ActiveCfg = Debug|Any CPU
		{B5824714-BD7A-4744-B458-D0578020F3F3}.Debug|Any CPU.Build.0 = Debug|Any CPU
		{B5824714-BD7A-4744-B458-D0578020F3F3}.Release|Any CPU.ActiveCfg = Release|Any CPU
		{B5824714-BD7A-4744-B458-D0578020F3F3}.Release|Any CPU.Build.0 = Release|Any CPU
		{7C91A0ED-0EF3-4E73-A4A8-51B8D226EC73}.Debug|Any CPU.ActiveCfg = Debug|Any CPU
		{7C91A0ED-0EF3-4E73-A4A8-51B8D226EC73}.Debug|Any CPU.Build.0 = Debug|Any CPU
		{7C91A0ED-0EF3-4E73-A4A8-51B8D226EC73}.Release|Any CPU.ActiveCfg = Release|Any CPU
		{7C91A0ED-0EF3-4E73-A4A8-51B8D226EC73}.Release|Any CPU.Build.0 = Release|Any CPU
		{B934BA87-DE0E-4EFA-8678-D240C99E6A8F}.Debug|Any CPU.ActiveCfg = Debug|Any CPU
		{B934BA87-DE0E-4EFA-8678-D240C99E6A8F}.Debug|Any CPU.Build.0 = Debug|Any CPU
		{B934BA87-DE0E-4EFA-8678-D240C99E6A8F}.Release|Any CPU.ActiveCfg = Release|Any CPU
		{B934BA87-DE0E-4EFA-8678-D240C99E6A8F}.Release|Any CPU.Build.0 = Release|Any CPU
		{908185B6-C5A6-4F70-923B-814D9BE89B36}.Debug|Any CPU.ActiveCfg = Debug|Any CPU
		{908185B6-C5A6-4F70-923B-814D9BE89B36}.Debug|Any CPU.Build.0 = Debug|Any CPU
		{908185B6-C5A6-4F70-923B-814D9BE89B36}.Release|Any CPU.ActiveCfg = Release|Any CPU
		{908185B6-C5A6-4F70-923B-814D9BE89B36}.Release|Any CPU.Build.0 = Release|Any CPU
		{BC760DBF-507D-4C83-A46D-6314B0F40380}.Debug|Any CPU.ActiveCfg = Debug|Any CPU
		{BC760DBF-507D-4C83-A46D-6314B0F40380}.Debug|Any CPU.Build.0 = Debug|Any CPU
		{BC760DBF-507D-4C83-A46D-6314B0F40380}.Release|Any CPU.ActiveCfg = Release|Any CPU
		{BC760DBF-507D-4C83-A46D-6314B0F40380}.Release|Any CPU.Build.0 = Release|Any CPU
		{CF16E3BC-BD0A-42BD-8599-765DE2B439E7}.Debug|Any CPU.ActiveCfg = Debug|Any CPU
		{CF16E3BC-BD0A-42BD-8599-765DE2B439E7}.Debug|Any CPU.Build.0 = Debug|Any CPU
		{CF16E3BC-BD0A-42BD-8599-765DE2B439E7}.Release|Any CPU.ActiveCfg = Release|Any CPU
		{CF16E3BC-BD0A-42BD-8599-765DE2B439E7}.Release|Any CPU.Build.0 = Release|Any CPU
	EndGlobalSection
	GlobalSection(SolutionProperties) = preSolution
		HideSolutionNode = FALSE
	EndGlobalSection
	GlobalSection(ExtensibilityGlobals) = postSolution
		SolutionGuid = {5E49EA6F-D247-4326-958C-A269961ABD78}
	EndGlobalSection
EndGlobal
